
Microsoft Visual Studio Solution File, Format Version 12.00
# Visual Studio Version 16
VisualStudioVersion = 16.0.30503.244
MinimumVisualStudioVersion = 10.0.40219.1
Project("{FAE04EC0-301F-11D3-BF4B-00C04F79EFBC}") = "SenderModule", "SenderModule\SenderModule.csproj", "{5811355B-66A5-4CFE-8BF6-4C50422EA8AA}"
EndProject
Project("{FAE04EC0-301F-11D3-BF4B-00C04F79EFBC}") = "ReceiverModule", "ReceiverModule\ReceiverModule.csproj", "{87F880F7-35E8-4AED-B3AC-D376D6979D3D}"
EndProject
Project("{FAE04EC0-301F-11D3-BF4B-00C04F79EFBC}") = "SenderTest", "SenderTest\SenderTest.csproj", "{B50A6CA2-4302-416F-8DA6-194CD131D3E3}"
EndProject
Global
	GlobalSection(SolutionConfigurationPlatforms) = preSolution
		Debug|Any CPU = Debug|Any CPU
		Release|Any CPU = Release|Any CPU
	EndGlobalSection
	GlobalSection(ProjectConfigurationPlatforms) = postSolution
		{5811355B-66A5-4CFE-8BF6-4C50422EA8AA}.Debug|Any CPU.ActiveCfg = Debug|Any CPU
		{5811355B-66A5-4CFE-8BF6-4C50422EA8AA}.Debug|Any CPU.Build.0 = Debug|Any CPU
		{5811355B-66A5-4CFE-8BF6-4C50422EA8AA}.Release|Any CPU.ActiveCfg = Release|Any CPU
		{5811355B-66A5-4CFE-8BF6-4C50422EA8AA}.Release|Any CPU.Build.0 = Release|Any CPU
		{87F880F7-35E8-4AED-B3AC-D376D6979D3D}.Debug|Any CPU.ActiveCfg = Debug|Any CPU
		{87F880F7-35E8-4AED-B3AC-D376D6979D3D}.Debug|Any CPU.Build.0 = Debug|Any CPU
		{87F880F7-35E8-4AED-B3AC-D376D6979D3D}.Release|Any CPU.ActiveCfg = Release|Any CPU
		{87F880F7-35E8-4AED-B3AC-D376D6979D3D}.Release|Any CPU.Build.0 = Release|Any CPU
		{B50A6CA2-4302-416F-8DA6-194CD131D3E3}.Debug|Any CPU.ActiveCfg = Debug|Any CPU
		{B50A6CA2-4302-416F-8DA6-194CD131D3E3}.Debug|Any CPU.Build.0 = Debug|Any CPU
		{B50A6CA2-4302-416F-8DA6-194CD131D3E3}.Release|Any CPU.ActiveCfg = Release|Any CPU
		{B50A6CA2-4302-416F-8DA6-194CD131D3E3}.Release|Any CPU.Build.0 = Release|Any CPU
	EndGlobalSection
	GlobalSection(SolutionProperties) = preSolution
		HideSolutionNode = FALSE
	EndGlobalSection
	GlobalSection(ExtensibilityGlobals) = postSolution
		SolutionGuid = {49129F6E-6005-4CC3-9BBB-BD1498435E10}
	EndGlobalSection
EndGlobal
